
Microsoft Visual Studio Solution File, Format Version 12.00
# Visual Studio Version 17
VisualStudioVersion = 17.11.35327.3
MinimumVisualStudioVersion = 10.0.40219.1
Project("{FAE04EC0-301F-11D3-BF4B-00C04F79EFBC}") = "MauiApp6", "MauiApp6\MauiApp6.csproj", "{FBA8016A-3536-4306-9A21-C0DDBE994914}"
EndProject
Global
	GlobalSection(SolutionConfigurationPlatforms) = preSolution
		Debug|Any CPU = Debug|Any CPU
		Release|Any CPU = Release|Any CPU
	EndGlobalSection
	GlobalSection(ProjectConfigurationPlatforms) = postSolution
		{FBA8016A-3536-4306-9A21-C0DDBE994914}.Debug|Any CPU.ActiveCfg = Debug|Any CPU
		{FBA8016A-3536-4306-9A21-C0DDBE994914}.Debug|Any CPU.Build.0 = Debug|Any CPU
		{FBA8016A-3536-4306-9A21-C0DDBE994914}.Debug|Any CPU.Deploy.0 = Debug|Any CPU
		{FBA8016A-3536-4306-9A21-C0DDBE994914}.Release|Any CPU.ActiveCfg = Release|Any CPU
		{FBA8016A-3536-4306-9A21-C0DDBE994914}.Release|Any CPU.Build.0 = Release|Any CPU
		{FBA8016A-3536-4306-9A21-C0DDBE994914}.Release|Any CPU.Deploy.0 = Release|Any CPU
	EndGlobalSection
	GlobalSection(SolutionProperties) = preSolution
		HideSolutionNode = FALSE
	EndGlobalSection
	GlobalSection(ExtensibilityGlobals) = postSolution
		SolutionGuid = {E54FE5E6-D88A-462D-93AA-65D7098B0ED9}
	EndGlobalSection
EndGlobal
